
Microsoft Visual Studio Solution File, Format Version 12.00
# Visual Studio 2013
VisualStudioVersion = 12.0.30501.0
MinimumVisualStudioVersion = 10.0.40219.1
Project("{FAE04EC0-301F-11D3-BF4B-00C04F79EFBC}") = "AuthDemo.Core", "AuthDemo.Core\AuthDemo.Core.csproj", "{8FC064EC-E168-446D-B1E4-7DFC5A9387C2}"
EndProject
Project("{FAE04EC0-301F-11D3-BF4B-00C04F79EFBC}") = "AuthDemo.Phone", "AuthDemo.Phone\AuthDemo.Phone.csproj", "{1B353F6A-DC58-49E0-9ED8-9430F36E3666}"
EndProject
Project("{FAE04EC0-301F-11D3-BF4B-00C04F79EFBC}") = "AuthDemo.Droid", "AuthDemo.Droid\AuthDemo.Droid.csproj", "{41AF5155-C5FA-4CE5-954A-D3C0F7F27239}"
EndProject
Global
	GlobalSection(SolutionConfigurationPlatforms) = preSolution
		Debug|Any CPU = Debug|Any CPU
		Debug|ARM = Debug|ARM
		Debug|x86 = Debug|x86
		Release|Any CPU = Release|Any CPU
		Release|ARM = Release|ARM
		Release|x86 = Release|x86
	EndGlobalSection
	GlobalSection(ProjectConfigurationPlatforms) = postSolution
		{8FC064EC-E168-446D-B1E4-7DFC5A9387C2}.Debug|Any CPU.ActiveCfg = Debug|Any CPU
		{8FC064EC-E168-446D-B1E4-7DFC5A9387C2}.Debug|Any CPU.Build.0 = Debug|Any CPU
		{8FC064EC-E168-446D-B1E4-7DFC5A9387C2}.Debug|ARM.ActiveCfg = Debug|Any CPU
		{8FC064EC-E168-446D-B1E4-7DFC5A9387C2}.Debug|x86.ActiveCfg = Debug|Any CPU
		{8FC064EC-E168-446D-B1E4-7DFC5A9387C2}.Release|Any CPU.ActiveCfg = Release|Any CPU
		{8FC064EC-E168-446D-B1E4-7DFC5A9387C2}.Release|Any CPU.Build.0 = Release|Any CPU
		{8FC064EC-E168-446D-B1E4-7DFC5A9387C2}.Release|ARM.ActiveCfg = Release|Any CPU
		{8FC064EC-E168-446D-B1E4-7DFC5A9387C2}.Release|x86.ActiveCfg = Release|Any CPU
		{1B353F6A-DC58-49E0-9ED8-9430F36E3666}.Debug|Any CPU.ActiveCfg = Debug|Any CPU
		{1B353F6A-DC58-49E0-9ED8-9430F36E3666}.Debug|Any CPU.Build.0 = Debug|Any CPU
		{1B353F6A-DC58-49E0-9ED8-9430F36E3666}.Debug|Any CPU.Deploy.0 = Debug|Any CPU
		{1B353F6A-DC58-49E0-9ED8-9430F36E3666}.Debug|ARM.ActiveCfg = Debug|ARM
		{1B353F6A-DC58-49E0-9ED8-9430F36E3666}.Debug|ARM.Build.0 = Debug|ARM
		{1B353F6A-DC58-49E0-9ED8-9430F36E3666}.Debug|ARM.Deploy.0 = Debug|ARM
		{1B353F6A-DC58-49E0-9ED8-9430F36E3666}.Debug|x86.ActiveCfg = Debug|x86
		{1B353F6A-DC58-49E0-9ED8-9430F36E3666}.Debug|x86.Build.0 = Debug|x86
		{1B353F6A-DC58-49E0-9ED8-9430F36E3666}.Debug|x86.Deploy.0 = Debug|x86
		{1B353F6A-DC58-49E0-9ED8-9430F36E3666}.Release|Any CPU.ActiveCfg = Release|Any CPU
		{1B353F6A-DC58-49E0-9ED8-9430F36E3666}.Release|Any CPU.Build.0 = Release|Any CPU
		{1B353F6A-DC58-49E0-9ED8-9430F36E3666}.Release|Any CPU.Deploy.0 = Release|Any CPU
		{1B353F6A-DC58-49E0-9ED8-9430F36E3666}.Release|ARM.ActiveCfg = Release|ARM
		{1B353F6A-DC58-49E0-9ED8-9430F36E3666}.Release|ARM.Build.0 = Release|ARM
		{1B353F6A-DC58-49E0-9ED8-9430F36E3666}.Release|ARM.Deploy.0 = Release|ARM
		{1B353F6A-DC58-49E0-9ED8-9430F36E3666}.Release|x86.ActiveCfg = Release|x86
		{1B353F6A-DC58-49E0-9ED8-9430F36E3666}.Release|x86.Build.0 = Release|x86
		{1B353F6A-DC58-49E0-9ED8-9430F36E3666}.Release|x86.Deploy.0 = Release|x86
		{41AF5155-C5FA-4CE5-954A-D3C0F7F27239}.Debug|Any CPU.ActiveCfg = Debug|Any CPU
		{41AF5155-C5FA-4CE5-954A-D3C0F7F27239}.Debug|Any CPU.Build.0 = Debug|Any CPU
		{41AF5155-C5FA-4CE5-954A-D3C0F7F27239}.Debug|Any CPU.Deploy.0 = Debug|Any CPU
		{41AF5155-C5FA-4CE5-954A-D3C0F7F27239}.Debug|ARM.ActiveCfg = Debug|Any CPU
		{41AF5155-C5FA-4CE5-954A-D3C0F7F27239}.Debug|x86.ActiveCfg = Debug|Any CPU
		{41AF5155-C5FA-4CE5-954A-D3C0F7F27239}.Release|Any CPU.ActiveCfg = Release|Any CPU
		{41AF5155-C5FA-4CE5-954A-D3C0F7F27239}.Release|Any CPU.Build.0 = Release|Any CPU
		{41AF5155-C5FA-4CE5-954A-D3C0F7F27239}.Release|Any CPU.Deploy.0 = Release|Any CPU
		{41AF5155-C5FA-4CE5-954A-D3C0F7F27239}.Release|ARM.ActiveCfg = Release|Any CPU
		{41AF5155-C5FA-4CE5-954A-D3C0F7F27239}.Release|x86.ActiveCfg = Release|Any CPU
	EndGlobalSection
	GlobalSection(SolutionProperties) = preSolution
		HideSolutionNode = FALSE
	EndGlobalSection
EndGlobal
